
Microsoft Visual Studio Solution File, Format Version 12.00
# Visual Studio 15
VisualStudioVersion = 15.0.28010.2003
MinimumVisualStudioVersion = 10.0.40219.1
Project("{FAE04EC0-301F-11D3-BF4B-00C04F79EFBC}") = "ConsoleTesteEventos", "ConsoleTesteEventos\ConsoleTesteEventos.csproj", "{05A39C2F-DA8D-4B16-A31F-A5CB07EA9D41}"
EndProject
Global
	GlobalSection(SolutionConfigurationPlatforms) = preSolution
		Debug|Any CPU = Debug|Any CPU
		Release|Any CPU = Release|Any CPU
	EndGlobalSection
	GlobalSection(ProjectConfigurationPlatforms) = postSolution
		{05A39C2F-DA8D-4B16-A31F-A5CB07EA9D41}.Debug|Any CPU.ActiveCfg = Debug|Any CPU
		{05A39C2F-DA8D-4B16-A31F-A5CB07EA9D41}.Debug|Any CPU.Build.0 = Debug|Any CPU
		{05A39C2F-DA8D-4B16-A31F-A5CB07EA9D41}.Release|Any CPU.ActiveCfg = Release|Any CPU
		{05A39C2F-DA8D-4B16-A31F-A5CB07EA9D41}.Release|Any CPU.Build.0 = Release|Any CPU
	EndGlobalSection
	GlobalSection(SolutionProperties) = preSolution
		HideSolutionNode = FALSE
	EndGlobalSection
	GlobalSection(ExtensibilityGlobals) = postSolution
		SolutionGuid = {91E14B64-9893-424A-A2A6-95BA21BE25BC}
	EndGlobalSection
EndGlobal
